
Microsoft Visual Studio Solution File, Format Version 12.00
# Visual Studio Version 17
VisualStudioVersion = 17.8.34322.80
MinimumVisualStudioVersion = 10.0.40219.1
Project("{2150E333-8FDC-42A3-9474-1A3956D46DE8}") = "src", "src", "{CFA1950D-6079-4390-B5A5-937045CE56F9}"
EndProject
Project("{2150E333-8FDC-42A3-9474-1A3956D46DE8}") = "API", "API", "{6F93BBCE-12BD-4972-A934-4B53BEF5BE8C}"
EndProject
Project("{2150E333-8FDC-42A3-9474-1A3956D46DE8}") = "Core", "Core", "{9DD1DBA8-FFAF-4B9B-96EC-38F59EA69A42}"
EndProject
Project("{2150E333-8FDC-42A3-9474-1A3956D46DE8}") = "Infrastructure", "Infrastructure", "{994E73E3-332D-4E50-8453-5C90FF11BC36}"
EndProject
Project("{2150E333-8FDC-42A3-9474-1A3956D46DE8}") = "UI", "UI", "{8EF66FF7-A3F7-478F-8879-D7A5810AC36B}"
EndProject
Project("{2150E333-8FDC-42A3-9474-1A3956D46DE8}") = "test", "test", "{F1CA021D-D2DC-493C-AD0F-05C9E6798981}"
EndProject
Project("{FAE04EC0-301F-11D3-BF4B-00C04F79EFBC}") = "Bercy.TicketManagement.Domain", "Bercy.TicketManagement.Domain\Bercy.TicketManagement.Domain.csproj", "{13E09C1B-EBFC-4334-A8E4-73E79EF06C2B}"
EndProject
Project("{FAE04EC0-301F-11D3-BF4B-00C04F79EFBC}") = "Bercy.TicketManagement.Application", "Bercy.TicketManagement.Application\Bercy.TicketManagement.Application.csproj", "{043D235D-756B-4307-A552-9F03AC7C5C3F}"
EndProject
Project("{FAE04EC0-301F-11D3-BF4B-00C04F79EFBC}") = "Bercy.TicketManagement.Persistence", "Bercy.TicketManagement.Persistence\Bercy.TicketManagement.Persistence.csproj", "{C692911A-9AB2-4187-AB46-C651328A1C68}"
EndProject
Project("{FAE04EC0-301F-11D3-BF4B-00C04F79EFBC}") = "Bercy.TicketManagement.Infrastructure", "Bercy.TicketManagement.Infrastructure\Bercy.TicketManagement.Infrastructure.csproj", "{906F0B25-AD39-49E3-A725-2DFBB48C7E21}"
EndProject
Global
	GlobalSection(SolutionConfigurationPlatforms) = preSolution
		Debug|Any CPU = Debug|Any CPU
		Release|Any CPU = Release|Any CPU
	EndGlobalSection
	GlobalSection(ProjectConfigurationPlatforms) = postSolution
		{13E09C1B-EBFC-4334-A8E4-73E79EF06C2B}.Debug|Any CPU.ActiveCfg = Debug|Any CPU
		{13E09C1B-EBFC-4334-A8E4-73E79EF06C2B}.Debug|Any CPU.Build.0 = Debug|Any CPU
		{13E09C1B-EBFC-4334-A8E4-73E79EF06C2B}.Release|Any CPU.ActiveCfg = Release|Any CPU
		{13E09C1B-EBFC-4334-A8E4-73E79EF06C2B}.Release|Any CPU.Build.0 = Release|Any CPU
		{043D235D-756B-4307-A552-9F03AC7C5C3F}.Debug|Any CPU.ActiveCfg = Debug|Any CPU
		{043D235D-756B-4307-A552-9F03AC7C5C3F}.Debug|Any CPU.Build.0 = Debug|Any CPU
		{043D235D-756B-4307-A552-9F03AC7C5C3F}.Release|Any CPU.ActiveCfg = Release|Any CPU
		{043D235D-756B-4307-A552-9F03AC7C5C3F}.Release|Any CPU.Build.0 = Release|Any CPU
		{C692911A-9AB2-4187-AB46-C651328A1C68}.Debug|Any CPU.ActiveCfg = Debug|Any CPU
		{C692911A-9AB2-4187-AB46-C651328A1C68}.Debug|Any CPU.Build.0 = Debug|Any CPU
		{C692911A-9AB2-4187-AB46-C651328A1C68}.Release|Any CPU.ActiveCfg = Release|Any CPU
		{C692911A-9AB2-4187-AB46-C651328A1C68}.Release|Any CPU.Build.0 = Release|Any CPU
		{906F0B25-AD39-49E3-A725-2DFBB48C7E21}.Debug|Any CPU.ActiveCfg = Debug|Any CPU
		{906F0B25-AD39-49E3-A725-2DFBB48C7E21}.Debug|Any CPU.Build.0 = Debug|Any CPU
		{906F0B25-AD39-49E3-A725-2DFBB48C7E21}.Release|Any CPU.ActiveCfg = Release|Any CPU
		{906F0B25-AD39-49E3-A725-2DFBB48C7E21}.Release|Any CPU.Build.0 = Release|Any CPU
	EndGlobalSection
	GlobalSection(SolutionProperties) = preSolution
		HideSolutionNode = FALSE
	EndGlobalSection
	GlobalSection(NestedProjects) = preSolution
		{6F93BBCE-12BD-4972-A934-4B53BEF5BE8C} = {CFA1950D-6079-4390-B5A5-937045CE56F9}
		{9DD1DBA8-FFAF-4B9B-96EC-38F59EA69A42} = {CFA1950D-6079-4390-B5A5-937045CE56F9}
		{994E73E3-332D-4E50-8453-5C90FF11BC36} = {CFA1950D-6079-4390-B5A5-937045CE56F9}
		{8EF66FF7-A3F7-478F-8879-D7A5810AC36B} = {CFA1950D-6079-4390-B5A5-937045CE56F9}
		{13E09C1B-EBFC-4334-A8E4-73E79EF06C2B} = {9DD1DBA8-FFAF-4B9B-96EC-38F59EA69A42}
		{043D235D-756B-4307-A552-9F03AC7C5C3F} = {9DD1DBA8-FFAF-4B9B-96EC-38F59EA69A42}
		{C692911A-9AB2-4187-AB46-C651328A1C68} = {994E73E3-332D-4E50-8453-5C90FF11BC36}
		{906F0B25-AD39-49E3-A725-2DFBB48C7E21} = {994E73E3-332D-4E50-8453-5C90FF11BC36}
	EndGlobalSection
	GlobalSection(ExtensibilityGlobals) = postSolution
		SolutionGuid = {ED4BD288-1DA3-4EC5-8404-D7BADC7155B8}
	EndGlobalSection
EndGlobal
